
Microsoft Visual Studio Solution File, Format Version 12.00
# Visual Studio Version 16
VisualStudioVersion = 16.0.30611.23
MinimumVisualStudioVersion = 10.0.40219.1
Project("{FAE04EC0-301F-11D3-BF4B-00C04F79EFBC}") = "Bartender", "Bartender.csproj", "{31462446-36DF-4080-81C5-77D8133903FF}"
EndProject
Global
	GlobalSection(SolutionConfigurationPlatforms) = preSolution
		Debug|Any CPU = Debug|Any CPU
		Release|Any CPU = Release|Any CPU
	EndGlobalSection
	GlobalSection(ProjectConfigurationPlatforms) = postSolution
		{31462446-36DF-4080-81C5-77D8133903FF}.Debug|Any CPU.ActiveCfg = Debug|Any CPU
		{31462446-36DF-4080-81C5-77D8133903FF}.Debug|Any CPU.Build.0 = Debug|Any CPU
		{31462446-36DF-4080-81C5-77D8133903FF}.Release|Any CPU.ActiveCfg = Release|Any CPU
		{31462446-36DF-4080-81C5-77D8133903FF}.Release|Any CPU.Build.0 = Release|Any CPU
	EndGlobalSection
	GlobalSection(SolutionProperties) = preSolution
		HideSolutionNode = FALSE
	EndGlobalSection
	GlobalSection(ExtensibilityGlobals) = postSolution
		SolutionGuid = {2BED580A-8F2A-4315-A9B7-C6029F38FD2C}
	EndGlobalSection
EndGlobal
